
Microsoft Visual Studio Solution File, Format Version 12.00
# Visual Studio 15
VisualStudioVersion = 15.0.26430.16
MinimumVisualStudioVersion = 10.0.40219.1
Project("{9A19103F-16F7-4668-BE54-9A1E7A4F7556}") = "RiemannLoggerCore", "RiemannLoggerCore\RiemannLoggerCore.csproj", "{E019012C-28A7-440B-9EB6-E33B4A96D1E4}"
EndProject
Project("{9A19103F-16F7-4668-BE54-9A1E7A4F7556}") = "RiemannLoggerCore.Tests", "RiemannLoggerCore.Tests\RiemannLoggerCore.Tests.csproj", "{D48FA1B1-244F-4A9F-8C77-170743492CBB}"
EndProject
Project("{FAE04EC0-301F-11D3-BF4B-00C04F79EFBC}") = "TestWebApp", "TestWebApp\TestWebApp.csproj", "{15FFFBAB-D131-4A9A-B678-1A83F594851D}"
EndProject
Project("{2150E333-8FDC-42A3-9474-1A3956D46DE8}") = "Solution Items", "Solution Items", "{1924E2D2-F9F4-4B3F-AB2A-9B7C23E6D252}"
	ProjectSection(SolutionItems) = preProject
		readme.md = readme.md
	EndProjectSection
EndProject
Global
	GlobalSection(SolutionConfigurationPlatforms) = preSolution
		Debug|Any CPU = Debug|Any CPU
		Release|Any CPU = Release|Any CPU
	EndGlobalSection
	GlobalSection(ProjectConfigurationPlatforms) = postSolution
		{E019012C-28A7-440B-9EB6-E33B4A96D1E4}.Debug|Any CPU.ActiveCfg = Debug|Any CPU
		{E019012C-28A7-440B-9EB6-E33B4A96D1E4}.Debug|Any CPU.Build.0 = Debug|Any CPU
		{E019012C-28A7-440B-9EB6-E33B4A96D1E4}.Release|Any CPU.ActiveCfg = Release|Any CPU
		{E019012C-28A7-440B-9EB6-E33B4A96D1E4}.Release|Any CPU.Build.0 = Release|Any CPU
		{D48FA1B1-244F-4A9F-8C77-170743492CBB}.Debug|Any CPU.ActiveCfg = Debug|Any CPU
		{D48FA1B1-244F-4A9F-8C77-170743492CBB}.Debug|Any CPU.Build.0 = Debug|Any CPU
		{D48FA1B1-244F-4A9F-8C77-170743492CBB}.Release|Any CPU.ActiveCfg = Release|Any CPU
		{D48FA1B1-244F-4A9F-8C77-170743492CBB}.Release|Any CPU.Build.0 = Release|Any CPU
		{15FFFBAB-D131-4A9A-B678-1A83F594851D}.Debug|Any CPU.ActiveCfg = Debug|Any CPU
		{15FFFBAB-D131-4A9A-B678-1A83F594851D}.Debug|Any CPU.Build.0 = Debug|Any CPU
		{15FFFBAB-D131-4A9A-B678-1A83F594851D}.Release|Any CPU.ActiveCfg = Release|Any CPU
		{15FFFBAB-D131-4A9A-B678-1A83F594851D}.Release|Any CPU.Build.0 = Release|Any CPU
	EndGlobalSection
	GlobalSection(SolutionProperties) = preSolution
		HideSolutionNode = FALSE
	EndGlobalSection
EndGlobal
